
Microsoft Visual Studio Solution File, Format Version 12.00
# Visual Studio Version 17
VisualStudioVersion = 17.0.32014.148
MinimumVisualStudioVersion = 10.0.40219.1
Project("{9A19103F-16F7-4668-BE54-9A1E7A4F7556}") = "BlazorBeer", "BlazorBeer\BlazorBeer.csproj", "{D6CB28DF-BD86-40E6-98F9-080A872D6752}"
EndProject
Project("{FAE04EC0-301F-11D3-BF4B-00C04F79EFBC}") = "BlazorServerBeer", "BlazorServerBeer\BlazorServerBeer.csproj", "{60520051-3128-42FC-B19A-807D2B1B13D0}"
EndProject
Global
	GlobalSection(SolutionConfigurationPlatforms) = preSolution
		Debug|Any CPU = Debug|Any CPU
		Release|Any CPU = Release|Any CPU
	EndGlobalSection
	GlobalSection(ProjectConfigurationPlatforms) = postSolution
		{D6CB28DF-BD86-40E6-98F9-080A872D6752}.Debug|Any CPU.ActiveCfg = Debug|Any CPU
		{D6CB28DF-BD86-40E6-98F9-080A872D6752}.Debug|Any CPU.Build.0 = Debug|Any CPU
		{D6CB28DF-BD86-40E6-98F9-080A872D6752}.Release|Any CPU.ActiveCfg = Release|Any CPU
		{D6CB28DF-BD86-40E6-98F9-080A872D6752}.Release|Any CPU.Build.0 = Release|Any CPU
		{60520051-3128-42FC-B19A-807D2B1B13D0}.Debug|Any CPU.ActiveCfg = Debug|Any CPU
		{60520051-3128-42FC-B19A-807D2B1B13D0}.Debug|Any CPU.Build.0 = Debug|Any CPU
		{60520051-3128-42FC-B19A-807D2B1B13D0}.Release|Any CPU.ActiveCfg = Release|Any CPU
		{60520051-3128-42FC-B19A-807D2B1B13D0}.Release|Any CPU.Build.0 = Release|Any CPU
	EndGlobalSection
	GlobalSection(SolutionProperties) = preSolution
		HideSolutionNode = FALSE
	EndGlobalSection
	GlobalSection(ExtensibilityGlobals) = postSolution
		SolutionGuid = {29BF5707-76EE-48E7-838C-EAA419041246}
	EndGlobalSection
EndGlobal
